
Microsoft Visual Studio Solution File, Format Version 12.00
Project("{FAE04EC0-301F-11D3-BF4B-00C04F79EFBC}") = "GymWebService", "GymWebService\GymWebService.csproj", "{6019E471-0B1C-41BF-A6EC-7699525961B2}"
EndProject
Project("{FAE04EC0-301F-11D3-BF4B-00C04F79EFBC}") = "DAL", "DAL\DAL.csproj", "{44A50367-93AF-48B2-A4FD-40FE9E9B3C64}"
EndProject
Project("{FAE04EC0-301F-11D3-BF4B-00C04F79EFBC}") = "BLL", "BLL\BLL.csproj", "{4A3FEFF4-1D94-4159-BB95-70A86D63A8CC}"
EndProject
Project("{FAE04EC0-301F-11D3-BF4B-00C04F79EFBC}") = "GymWebService.Tests", "GymWebService.Tests\GymWebService.Tests.csproj", "{C4D9E950-32DC-4313-A0A4-5F62012EAE05}"
EndProject
Global
	GlobalSection(SolutionConfigurationPlatforms) = preSolution
		Debug|Any CPU = Debug|Any CPU
		Release|Any CPU = Release|Any CPU
	EndGlobalSection
	GlobalSection(ProjectConfigurationPlatforms) = postSolution
		{6019E471-0B1C-41BF-A6EC-7699525961B2}.Debug|Any CPU.ActiveCfg = Debug|Any CPU
		{6019E471-0B1C-41BF-A6EC-7699525961B2}.Debug|Any CPU.Build.0 = Debug|Any CPU
		{6019E471-0B1C-41BF-A6EC-7699525961B2}.Release|Any CPU.ActiveCfg = Release|Any CPU
		{6019E471-0B1C-41BF-A6EC-7699525961B2}.Release|Any CPU.Build.0 = Release|Any CPU
		{44A50367-93AF-48B2-A4FD-40FE9E9B3C64}.Debug|Any CPU.ActiveCfg = Debug|Any CPU
		{44A50367-93AF-48B2-A4FD-40FE9E9B3C64}.Debug|Any CPU.Build.0 = Debug|Any CPU
		{44A50367-93AF-48B2-A4FD-40FE9E9B3C64}.Release|Any CPU.ActiveCfg = Release|Any CPU
		{44A50367-93AF-48B2-A4FD-40FE9E9B3C64}.Release|Any CPU.Build.0 = Release|Any CPU
		{4A3FEFF4-1D94-4159-BB95-70A86D63A8CC}.Debug|Any CPU.ActiveCfg = Debug|Any CPU
		{4A3FEFF4-1D94-4159-BB95-70A86D63A8CC}.Debug|Any CPU.Build.0 = Debug|Any CPU
		{4A3FEFF4-1D94-4159-BB95-70A86D63A8CC}.Release|Any CPU.ActiveCfg = Release|Any CPU
		{4A3FEFF4-1D94-4159-BB95-70A86D63A8CC}.Release|Any CPU.Build.0 = Release|Any CPU
		{C4D9E950-32DC-4313-A0A4-5F62012EAE05}.Debug|Any CPU.ActiveCfg = Debug|Any CPU
		{C4D9E950-32DC-4313-A0A4-5F62012EAE05}.Debug|Any CPU.Build.0 = Debug|Any CPU
		{C4D9E950-32DC-4313-A0A4-5F62012EAE05}.Release|Any CPU.ActiveCfg = Release|Any CPU
		{C4D9E950-32DC-4313-A0A4-5F62012EAE05}.Release|Any CPU.Build.0 = Release|Any CPU
	EndGlobalSection
EndGlobal
